// !$*UTF8*$!
{
	archiveVersion = 1;
	classes = {
	};
	objectVersion = 50;
	objects = {

/* Begin PBXBuildFile section */
		21B61FF421A67F6F00EE54FD /* main.m in Sources */ = {isa = PBXBuildFile; fileRef = 21B61FF321A67F6F00EE54FD /* main.m */; };
		21B61FFC21A67F7F00EE54FD /* YYNode.m in Sources */ = {isa = PBXBuildFile; fileRef = 21B61FFB21A67F7F00EE54FD /* YYNode.m */; };
		21B61FFF21A688C700EE54FD /* YYNodeList.m in Sources */ = {isa = PBXBuildFile; fileRef = 21B61FFE21A688C700EE54FD /* YYNodeList.m */; };
/* End PBXBuildFile section */

/* Begin PBXCopyFilesBuildPhase section */
		21B61FEE21A67F6F00EE54FD /* CopyFiles */ = {
			isa = PBXCopyFilesBuildPhase;
			buildActionMask = 2147483647;
			dstPath = /usr/share/man/man1/;
			dstSubfolderSpec = 0;
			files = (
			);
			runOnlyForDeploymentPostprocessing = 1;
		};
/* End PBXCopyFilesBuildPhase section */

/* Begin PBXFileReference section */
		21B61FF021A67F6F00EE54FD /* Node */ = {isa = PBXFileReference; explicitFileType = "compiled.mach-o.executable"; includeInIndex = 0; path = Node; sourceTree = BUILT_PRODUCTS_DIR; };
		21B61FF321A67F6F00EE54FD /* main.m */ = {isa = PBXFileReference; lastKnownFileType = sourcecode.c.objc; path = main.m; sourceTree = "<group>"; };
		21B61FFA21A67F7F00EE54FD /* YYNode.h */ = {isa = PBXFileReference; lastKnownFileType = sourcecode.c.h; path = YYNode.h; sourceTree = "<group>"; };
		21B61FFB21A67F7F00EE54FD /* YYNode.m */ = {isa = PBXFileReference; lastKnownFileType = sourcecode.c.objc; path = YYNode.m; sourceTree = "<group>"; };
		21B61FFD21A688C700EE54FD /* YYNodeList.h */ = {isa = PBXFileReference; lastKnownFileType = sourcecode.c.h; path = YYNodeList.h; sourceTree = "<group>"; };
		21B61FFE21A688C700EE54FD /* YYNodeList.m */ = {isa = PBXFileReference; lastKnownFileType = sourcecode.c.objc; path = YYNodeList.m; sourceTree = "<group>"; };
/* End PBXFileReference section */

/* Begin PBXFrameworksBuildPhase section */
		21B61FED21A67F6F00EE54FD /* Frameworks */ = {
			isa = PBXFrameworksBuildPhase;
			buildActionMask = 2147483647;
			files = (
			);
			runOnlyForDeploymentPostprocessing = 0;
		};
/* End PBXFrameworksBuildPhase section */

/* Begin PBXGroup section */
		21B61FE721A67F6F00EE54FD = {
			isa = PBXGroup;
			children = (
				21B61FF221A67F6F00EE54FD /* Node */,
				21B61FF121A67F6F00EE54FD /* Products */,
			);
			sourceTree = "<group>";
		};
		21B61FF121A67F6F00EE54FD /* Products */ = {
			isa = PBXGroup;
			children = (
				21B61FF021A67F6F00EE54FD /* Node */,
			);
			name = Products;
			sourceTree = "<group>";
		};
		21B61FF221A67F6F00EE54FD /* Node */ = {
			isa = PBXGroup;
			children = (
				21B61FF321A67F6F00EE54FD /* main.m */,
				21B61FFA21A67F7F00EE54FD /* YYNode.h */,
				21B61FFB21A67F7F00EE54FD /* YYNode.m */,
				21B61FFD21A688C700EE54FD /* YYNodeList.h */,
				21B61FFE21A688C700EE54FD /* YYNodeList.m */,
			);
			path = Node;
			sourceTree = "<group>";
		};
/* End PBXGroup section */

/* Begin PBXNativeTarget section */
		21B61FEF21A67F6F00EE54FD /* Node */ = {
			isa = PBXNativeTarget;
			buildConfigurationList = 21B61FF721A67F6F00EE54FD /* Build configuration list for PBXNativeTarget "Node" */;
			buildPhases = (
				21B61FEC21A67F6F00EE54FD /* Sources */,
				21B61FED21A67F6F00EE54FD /* Frameworks */,
				21B61FEE21A67F6F00EE54FD /* CopyFiles */,
			);
			buildRules = (
			);
			dependencies = (
			);
			name = Node;
			productName = Node;
			productReference = 21B61FF021A67F6F00EE54FD /* Node */;
			productType = "com.apple.product-type.tool";
		};
/* End PBXNativeTarget section */

/* Begin PBXProject section */
		21B61FE821A67F6F00EE54FD /* Project object */ = {
			isa = PBXProject;
			attributes = {
				LastUpgradeCheck = 1010;
				ORGANIZATIONNAME = YUYO;
				TargetAttributes = {
					21B61FEF21A67F6F00EE54FD = {
						CreatedOnToolsVersion = 10.1;
					};
				};
			};
			buildConfigurationList = 21B61FEB21A67F6F00EE54FD /* Build configuration list for PBXProject "Node" */;
			compatibilityVersion = "Xcode 9.3";
			developmentRegion = en;
			hasScannedForEncodings = 0;
			knownRegions = (
				en,
			);
			mainGroup = 21B61FE721A67F6F00EE54FD;
			productRefGroup = 21B61FF121A67F6F00EE54FD /* Products */;
			projectDirPath = "";
			projectRoot = "";
			targets = (
				21B61FEF21A67F6F00EE54FD /* Node */,
			);
		};
/* End PBXProject section */

/* Begin PBXSourcesBuildPhase section */
		21B61FEC21A67F6F00EE54FD /* Sources */ = {
			isa = PBXSourcesBuildPhase;
			buildActionMask = 2147483647;
			files = (
				21B61FF421A67F6F00EE54FD /* main.m in Sources */,
				21B61FFF21A688C700EE54FD /* YYNodeList.m in Sources */,
				21B61FFC21A67F7F00EE54FD /* YYNode.m in Sources */,
			);
			runOnlyForDeploymentPostprocessing = 0;
		};
/* End PBXSourcesBuildPhase section */

/* Begin XCBuildConfiguration section */
		21B61FF521A67F6F00EE54FD /* Debug */ = {
			isa = XCBuildConfiguration;
			buildSettings = {
				ALWAYS_SEARCH_USER_PATHS = NO;
				CLANG_ANALYZER_NONNULL = YES;
				CLANG_ANALYZER_NUMBER_OBJECT_CONVERSION = YES_AGGRESSIVE;
				CLANG_CXX_LANGUAGE_STANDARD = "gnu++14";
				CLANG_CXX_LIBRARY = "libc++";
				CLANG_ENABLE_MODULES = YES;
				CLANG_ENABLE_OBJC_ARC = YES;
				CLANG_ENABLE_OBJC_WEAK = YES;
				CLANG_WARN_BLOCK_CAPTURE_AUTORELEASING = YES;
				CLANG_WARN_BOOL_CONVERSION = YES;
				CLANG_WARN_COMMA = YES;
				CLANG_WARN_CONSTANT_CONVERSION = YES;
				CLANG_WARN_DEPRECATED_OBJC_IMPLEMENTATIONS = YES;
				CLANG_WARN_DIRECT_OBJC_ISA_USAGE = YES_ERROR;
				CLANG_WARN_DOCUMENTATION_COMMENTS = YES;
				CLANG_WARN_EMPTY_BODY = YES;
				CLANG_WARN_ENUM_CONVERSION = YES;
				CLANG_WARN_INFINITE_RECURSION = YES;
				CLANG_WARN_INT_CONVERSION = YES;
				CLANG_WARN_NON_LITERAL_NULL_CONVERSION = YES;
				CLANG_WARN_OBJC_IMPLICIT_RETAIN_SELF = YES;
				CLANG_WARN_OBJC_LITERAL_CONVERSION = YES;
				CLANG_WARN_OBJC_ROOT_CLASS = YES_ERROR;
				CLANG_WARN_RANGE_LOOP_ANALYSIS = YES;
				CLANG_WARN_STRICT_PROTOTYPES = YES;
				CLANG_WARN_SUSPICIOUS_MOVE = YES;
				CLANG_WARN_UNGUARDED_AVAILABILITY = YES_AGGRESSIVE;
				CLANG_WARN_UNREACHABLE_CODE = YES;
				CLANG_WARN__DUPLICATE_METHOD_MATCH = YES;
				CODE_SIGN_IDENTITY = "-";
				COPY_PHASE_STRIP = NO;
				DEBUG_INFORMATION_FORMAT = dwarf;
				ENABLE_STRICT_OBJC_MSGSEND = YES;
				ENABLE_TESTABILITY = YES;
				GCC_C_LANGUAGE_STANDARD = gnu11;
				GCC_DYNAMIC_NO_PIC = NO;
				GCC_NO_COMMON_BLOCKS = YES;
				GCC_OPTIMIZATION_LEVEL = 0;
				GCC_PREPROCESSOR_DEFINITIONS = (
					"DEBUG=1",
					"$(inherited)",
				);
				GCC_WARN_64_TO_32_BIT_CONVERSION = YES;
				GCC_WARN_ABOUT_RETURN_TYPE = YES_ERROR;
				GCC_WARN_UNDECLARED_SELECTOR = YES;
				GCC_WARN_UNINITIALIZED_AUTOS = YES_AGGRESSIVE;
				GCC_WARN_UNUSED_FUNCTION = YES;
				GCC_WARN_UNUSED_VARIABLE = YES;
				MACOSX_DEPLOYMENT_TARGET = 10.13;
				MTL_ENABLE_DEBUG_INFO = INCLUDE_SOURCE;
				MTL_FAST_MATH = YES;
				ONLY_ACTIVE_ARCH = YES;
				SDKROOT = macosx;
			};
			name = Debug;
		};
		21B61FF621A67F6F00EE54FD /* Release */ = {
			isa = XCBuildConfiguration;
			buildSettings = {
				ALWAYS_SEARCH_USER_PATHS = NO;
				CLANG_ANALYZER_NONNULL = YES;
				CLANG_ANALYZER_NUMBER_OBJECT_CONVERSION = YES_AGGRESSIVE;
				CLANG_CXX_LANGUAGE_STANDARD = "gnu++14";
				CLANG_CXX_LIBRARY = "libc++";
				CLANG_ENABLE_MODULES = YES;
				CLANG_ENABLE_OBJC_ARC = YES;
				CLANG_ENABLE_OBJC_WEAK = YES;
				CLANG_WARN_BLOCK_CAPTURE_AUTORELEASING = YES;
				CLANG_WARN_BOOL_CONVERSION = YES;
				CLANG_WARN_COMMA = YES;
				CLANG_WARN_CONSTANT_CONVERSION = YES;
				CLANG_WARN_DEPRECATED_OBJC_IMPLEMENTATIONS = YES;
				CLANG_WARN_DIRECT_OBJC_ISA_USAGE = YES_ERROR;
				CLANG_WARN_DOCUMENTATION_COMMENTS = YES;
				CLANG_WARN_EMPTY_BODY = YES;
				CLANG_WARN_ENUM_CONVERSION = YES;
				CLANG_WARN_INFINITE_RECURSION = YES;
				CLANG_WARN_INT_CONVERSION = YES;
				CLANG_WARN_NON_LITERAL_NULL_CONVERSION = YES;
				CLANG_WARN_OBJC_IMPLICIT_RETAIN_SELF = YES;
				CLANG_WARN_OBJC_LITERAL_CONVERSION = YES;
				CLANG_WARN_OBJC_ROOT_CLASS = YES_ERROR;
				CLANG_WARN_RANGE_LOOP_ANALYSIS = YES;
				CLANG_WARN_STRICT_PROTOTYPES = YES;
				CLANG_WARN_SUSPICIOUS_MOVE = YES;
				CLANG_WARN_UNGUARDED_AVAILABILITY = YES_AGGRESSIVE;
				CLANG_WARN_UNREACHABLE_CODE = YES;
				CLANG_WARN__DUPLICATE_METHOD_MATCH = YES;
				CODE_SIGN_IDENTITY = "-";
				COPY_PHASE_STRIP = NO;
				DEBUG_INFORMATION_FORMAT = "dwarf-with-dsym";
				ENABLE_NS_ASSERTIONS = NO;
				ENABLE_STRICT_OBJC_MSGSEND = YES;
				GCC_C_LANGUAGE_STANDARD = gnu11;
				GCC_NO_COMMON_BLOCKS = YES;
				GCC_WARN_64_TO_32_BIT_CONVERSION = YES;
				GCC_WARN_ABOUT_RETURN_TYPE = YES_ERROR;
				GCC_WARN_UNDECLARED_SELECTOR = YES;
				GCC_WARN_UNINITIALIZED_AUTOS = YES_AGGRESSIVE;
				GCC_WARN_UNUSED_FUNCTION = YES;
				GCC_WARN_UNUSED_VARIABLE = YES;
				MACOSX_DEPLOYMENT_TARGET = 10.13;
				MTL_ENABLE_DEBUG_INFO = NO;
				MTL_FAST_MATH = YES;
				SDKROOT = macosx;
			};
			name = Release;
		};
		21B61FF821A67F6F00EE54FD /* Debug */ = {
			isa = XCBuildConfiguration;
			buildSettings = {
				CODE_SIGN_STYLE = Automatic;
				PRODUCT_NAME = "$(TARGET_NAME)";
			};
			name = Debug;
		};
		21B61FF921A67F6F00EE54FD /* Release */ = {
			isa = XCBuildConfiguration;
			buildSettings = {
				CODE_SIGN_STYLE = Automatic;
				PRODUCT_NAME = "$(TARGET_NAME)";
			};
			name = Release;
		};
/* End XCBuildConfiguration section */

/* Begin XCConfigurationList section */
		21B61FEB21A67F6F00EE54FD /* Build configuration list for PBXProject "Node" */ = {
			isa = XCConfigurationList;
			buildConfigurations = (
				21B61FF521A67F6F00EE54FD /* Debug */,
				21B61FF621A67F6F00EE54FD /* Release */,
			);
			defaultConfigurationIsVisible = 0;
			defaultConfigurationName = Release;
		};
		21B61FF721A67F6F00EE54FD /* Build configuration list for PBXNativeTarget "Node" */ = {
			isa = XCConfigurationList;
			buildConfigurations = (
				21B61FF821A67F6F00EE54FD /* Debug */,
				21B61FF921A67F6F00EE54FD /* Release */,
			);
			defaultConfigurationIsVisible = 0;
			defaultConfigurationName = Release;
		};
/* End XCConfigurationList section */
	};
	rootObject = 21B61FE821A67F6F00EE54FD /* Project object */;
}
